
Microsoft Visual Studio Solution File, Format Version 12.00
# Visual Studio Version 17
VisualStudioVersion = 17.4.33110.190
MinimumVisualStudioVersion = 10.0.40219.1
Project("{FAE04EC0-301F-11D3-BF4B-00C04F79EFBC}") = "romanTurnArabicNumber", "romanTurnArabicNumber\romanTurnArabicNumber.csproj", "{AA25F284-6661-4B6D-B8DA-BB2CB50B6F0C}"
EndProject
Global
	GlobalSection(SolutionConfigurationPlatforms) = preSolution
		Debug|Any CPU = Debug|Any CPU
		Release|Any CPU = Release|Any CPU
	EndGlobalSection
	GlobalSection(ProjectConfigurationPlatforms) = postSolution
		{AA25F284-6661-4B6D-B8DA-BB2CB50B6F0C}.Debug|Any CPU.ActiveCfg = Debug|Any CPU
		{AA25F284-6661-4B6D-B8DA-BB2CB50B6F0C}.Debug|Any CPU.Build.0 = Debug|Any CPU
		{AA25F284-6661-4B6D-B8DA-BB2CB50B6F0C}.Release|Any CPU.ActiveCfg = Release|Any CPU
		{AA25F284-6661-4B6D-B8DA-BB2CB50B6F0C}.Release|Any CPU.Build.0 = Release|Any CPU
	EndGlobalSection
	GlobalSection(SolutionProperties) = preSolution
		HideSolutionNode = FALSE
	EndGlobalSection
	GlobalSection(ExtensibilityGlobals) = postSolution
		SolutionGuid = {8B0D5C0E-769D-4ADE-B436-E9C0450EF32E}
	EndGlobalSection
EndGlobal
